{
  "lockfileVersion": 1,
  "workspaces": {
    "": {
      "name": "pinpm",
      "dependencies": {
        "@npmcli/package-json": "6.2.0",
        "@pnpm/lockfile-file": "9.1.3",
        "commander": "14.0.0",
      },
      "devDependencies": {
        "@biomejs/biome": "1.9.4",
        "@types/bun": "1.2.20",
        "@types/node": "24.2.1",
        "typescript": "5.8.3",
      },
    },
  },
  "packages": {
    "@biomejs/biome": ["@biomejs/biome@1.9.4", "", { "optionalDependencies": { "@biomejs/cli-darwin-arm64": "1.9.4", "@biomejs/cli-darwin-x64": "1.9.4", "@biomejs/cli-linux-arm64": "1.9.4", "@biomejs/cli-linux-arm64-musl": "1.9.4", "@biomejs/cli-linux-x64": "1.9.4", "@biomejs/cli-linux-x64-musl": "1.9.4", "@biomejs/cli-win32-arm64": "1.9.4", "@biomejs/cli-win32-x64": "1.9.4" }, "bin": { "biome": "bin/biome" } }, "sha512-1rkd7G70+o9KkTn5KLmDYXihGoTaIGO9PIIN2ZB7UJxFrWw04CZHPYiMRjYsaDvVV7hP1dYNRLxSANLaBFGpog=="],

    "@biomejs/cli-darwin-arm64": ["@biomejs/cli-darwin-arm64@1.9.4", "", { "os": "darwin", "cpu": "arm64" }, "sha512-bFBsPWrNvkdKrNCYeAp+xo2HecOGPAy9WyNyB/jKnnedgzl4W4Hb9ZMzYNbf8dMCGmUdSavlYHiR01QaYR58cw=="],

    "@biomejs/cli-darwin-x64": ["@biomejs/cli-darwin-x64@1.9.4", "", { "os": "darwin", "cpu": "x64" }, "sha512-ngYBh/+bEedqkSevPVhLP4QfVPCpb+4BBe2p7Xs32dBgs7rh9nY2AIYUL6BgLw1JVXV8GlpKmb/hNiuIxfPfZg=="],

    "@biomejs/cli-linux-arm64": ["@biomejs/cli-linux-arm64@1.9.4", "", { "os": "linux", "cpu": "arm64" }, "sha512-fJIW0+LYujdjUgJJuwesP4EjIBl/N/TcOX3IvIHJQNsAqvV2CHIogsmA94BPG6jZATS4Hi+xv4SkBBQSt1N4/g=="],

    "@biomejs/cli-linux-arm64-musl": ["@biomejs/cli-linux-arm64-musl@1.9.4", "", { "os": "linux", "cpu": "arm64" }, "sha512-v665Ct9WCRjGa8+kTr0CzApU0+XXtRgwmzIf1SeKSGAv+2scAlW6JR5PMFo6FzqqZ64Po79cKODKf3/AAmECqA=="],

    "@biomejs/cli-linux-x64": ["@biomejs/cli-linux-x64@1.9.4", "", { "os": "linux", "cpu": "x64" }, "sha512-lRCJv/Vi3Vlwmbd6K+oQ0KhLHMAysN8lXoCI7XeHlxaajk06u7G+UsFSO01NAs5iYuWKmVZjmiOzJ0OJmGsMwg=="],

    "@biomejs/cli-linux-x64-musl": ["@biomejs/cli-linux-x64-musl@1.9.4", "", { "os": "linux", "cpu": "x64" }, "sha512-gEhi/jSBhZ2m6wjV530Yy8+fNqG8PAinM3oV7CyO+6c3CEh16Eizm21uHVsyVBEB6RIM8JHIl6AGYCv6Q6Q9Tg=="],

    "@biomejs/cli-win32-arm64": ["@biomejs/cli-win32-arm64@1.9.4", "", { "os": "win32", "cpu": "arm64" }, "sha512-tlbhLk+WXZmgwoIKwHIHEBZUwxml7bRJgk0X2sPyNR3S93cdRq6XulAZRQJ17FYGGzWne0fgrXBKpl7l4M87Hg=="],

    "@biomejs/cli-win32-x64": ["@biomejs/cli-win32-x64@1.9.4", "", { "os": "win32", "cpu": "x64" }, "sha512-8Y5wMhVIPaWe6jw2H+KlEm4wP/f7EW3810ZLmDlrEEy5KvBsb9ECEfu/kMWD484ijfQ8+nIi0giMgu9g1UAuuA=="],

    "@isaacs/cliui": ["@isaacs/cliui@8.0.2", "", { "dependencies": { "string-width": "^5.1.2", "string-width-cjs": "npm:string-width@^4.2.0", "strip-ansi": "^7.0.1", "strip-ansi-cjs": "npm:strip-ansi@^6.0.1", "wrap-ansi": "^8.1.0", "wrap-ansi-cjs": "npm:wrap-ansi@^7.0.0" } }, "sha512-O8jcjabXaleOG9DQ0+ARXWZBTfnP4WNAqzuiJK7ll44AmxGKv/J2M4TPjxjY3znBCfvBXFzucm1twdyFybFqEA=="],

    "@npmcli/git": ["@npmcli/git@6.0.1", "", { "dependencies": { "@npmcli/promise-spawn": "^8.0.0", "ini": "^5.0.0", "lru-cache": "^10.0.1", "npm-pick-manifest": "^10.0.0", "proc-log": "^5.0.0", "promise-inflight": "^1.0.1", "promise-retry": "^2.0.1", "semver": "^7.3.5", "which": "^5.0.0" } }, "sha512-BBWMMxeQzalmKadyimwb2/VVQyJB01PH0HhVSNLHNBDZN/M/h/02P6f8fxedIiFhpMj11SO9Ep5tKTBE7zL2nw=="],

    "@npmcli/package-json": ["@npmcli/package-json@6.2.0", "", { "dependencies": { "@npmcli/git": "^6.0.0", "glob": "^10.2.2", "hosted-git-info": "^8.0.0", "json-parse-even-better-errors": "^4.0.0", "proc-log": "^5.0.0", "semver": "^7.5.3", "validate-npm-package-license": "^3.0.4" } }, "sha512-rCNLSB/JzNvot0SEyXqWZ7tX2B5dD2a1br2Dp0vSYVo5jh8Z0EZ7lS9TsZ1UtziddB1UfNUaMCc538/HztnJGA=="],

    "@npmcli/promise-spawn": ["@npmcli/promise-spawn@8.0.2", "", { "dependencies": { "which": "^5.0.0" } }, "sha512-/bNJhjc+o6qL+Dwz/bqfTQClkEO5nTQ1ZEcdCkAQjhkZMHIh22LPG7fNh1enJP1NKWDqYiiABnjFCY7E0zHYtQ=="],

    "@pkgjs/parseargs": ["@pkgjs/parseargs@0.11.0", "", {}, "sha512-+1VkjdD0QBLPodGrJUeqarH8VAIvQODIbwh9XpP5Syisf7YoQgsJKPNFoqqLQlu+VQ/tVSshMR6loPMn8U+dPg=="],

    "@pnpm/constants": ["@pnpm/constants@8.0.0", "", {}, "sha512-yQosGUvYPpAjb1jOFcdbwekRjZRVxN6C0hHzfRCZrMKbxGjt/E0g0RcFlEDNVZ95tm4oMMcr7nEPa7H7LX3emw=="],

    "@pnpm/core-loggers": ["@pnpm/core-loggers@10.0.4", "", { "dependencies": { "@pnpm/types": "11.1.0" }, "peerDependencies": { "@pnpm/logger": "^5.0.0" } }, "sha512-0sa1oq8OelHFs1qTCv0fUVPYpQwRjkAb3miaXTwhXCUsePAy6kZ4wrn/aZA4bnxj0pIcaQnrSTWKcRjdrkqu3Q=="],

    "@pnpm/crypto.base32-hash": ["@pnpm/crypto.base32-hash@3.0.0", "", { "dependencies": { "rfc4648": "^1.5.3" } }, "sha512-iGKP6rRKng5Tcad1+S+j3UoY5wVZN+z0ZgemlGp69jNgn6EaM4N0Q3mvnDNJ7UZFmL2ClXZZYLNuCk9pUYV3Xg=="],

    "@pnpm/dependency-path": ["@pnpm/dependency-path@5.1.3", "", { "dependencies": { "@pnpm/crypto.base32-hash": "3.0.0", "@pnpm/types": "11.1.0", "semver": "^7.6.2" } }, "sha512-d1gd9tXO4QRem2LMzvxVwt/6t7sNSK4DAJ6MQVLfXTqyIAvoAzRkSmFMNlqN1LQnNKIq7a/WXbJXDUObrYfkfA=="],

    "@pnpm/error": ["@pnpm/error@6.0.1", "", { "dependencies": { "@pnpm/constants": "8.0.0" } }, "sha512-7yjO0RgmWYb4OKgcWC33yD4Z2CxE7Tm7vXX1SmS7GDifDT/bgZZhHeS2xq/+W6y9yhwIrRSA+7AlQL1NM2wIvw=="],

    "@pnpm/fetch": ["@pnpm/fetch@8.0.4", "", { "dependencies": { "@pnpm/core-loggers": "10.0.4", "@pnpm/fetching-types": "6.0.0", "@pnpm/network.agent": "^2.0.0", "@pnpm/types": "11.1.0", "@zkochan/retry": "^0.2.0", "node-fetch": "npm:@pnpm/node-fetch@1.0.0" }, "peerDependencies": { "@pnpm/logger": "^5.0.0" } }, "sha512-E79pTCQtnYtwJbPEru2JcPHRXAjrWcuJN6a/0r3/R1uZsx+ElJrU7WfNYEwyk2gANxq065/nq2lVp1/qx2aQ3A=="],

    "@pnpm/fetching-types": ["@pnpm/fetching-types@6.0.0", "", { "dependencies": { "@zkochan/retry": "^0.2.0", "node-fetch": "npm:@pnpm/node-fetch@1.0.0" } }, "sha512-fnsaegb+0q7Ku6AyCmoVtBeCuO8ytB7YMEaGHC+0MGoRsxxa6EVLgi2H4abKr8LLslf5tHJBnOH24DjST3UNfQ=="],

    "@pnpm/git-resolver": ["@pnpm/git-resolver@9.0.5", "", { "dependencies": { "@pnpm/fetch": "8.0.4", "@pnpm/resolver-base": "13.0.1", "graceful-git": "^4.0.0", "hosted-git-info": "npm:@pnpm/hosted-git-info@1.0.0", "semver": "^7.6.2" } }, "sha512-d2IPuKwEWQTxr9AfPJrKUHf3bkKm//L3CcrgUs4vl9xGMLqV7uCtp/VKvzK3vNPN6RfCn7nKmjvyjvkNA1Z5vg=="],

    "@pnpm/git-utils": ["@pnpm/git-utils@2.0.0", "", { "dependencies": { "execa": "npm:safe-execa@0.1.2" } }, "sha512-k1rv4Zvno/5zJAqE/Mh9V0ehlm14NsYwpXTdaGMtyhkoHvlSckRfr23OIOIM7Q/TRX+LhqyJ2kep50SY2TsZ+g=="],

    "@pnpm/lockfile-file": ["@pnpm/lockfile-file@9.1.3", "", { "dependencies": { "@pnpm/constants": "8.0.0", "@pnpm/dependency-path": "5.1.3", "@pnpm/error": "6.0.1", "@pnpm/git-resolver": "9.0.5", "@pnpm/git-utils": "2.0.0", "@pnpm/lockfile-types": "7.1.3", "@pnpm/lockfile-utils": "11.0.4", "@pnpm/merge-lockfile-changes": "6.0.5", "@pnpm/types": "11.1.0", "@pnpm/util.lex-comparator": "3.0.0", "@zkochan/rimraf": "^3.0.2", "comver-to-semver": "^1.0.0", "js-yaml": "npm:@zkochan/js-yaml@0.0.7", "normalize-path": "^3.0.0", "ramda": "npm:@pnpm/ramda@0.28.1", "semver": "^7.6.2", "sort-keys": "^4.2.0", "strip-bom": "^4.0.0", "write-file-atomic": "^5.0.1" }, "peerDependencies": { "@pnpm/logger": "^5.0.0" } }, "sha512-+WaLikC86jJyA23xzU8SnHcxeuxs8TcFCMoP2HCSU/0ckk9bjjW4CttEcHzQoCMdDlm7eZKTRoDuU5iJ5Wie3Q=="],

    "@pnpm/lockfile-types": ["@pnpm/lockfile-types@7.1.3", "", { "dependencies": { "@pnpm/types": "11.1.0" } }, "sha512-ifMGKjiBFweZiI9nRYw+N4oP42tDaxHGzla/fuEqn8rOLzITJKfD9G2KfF7u8ZfZyW9lHFL/FsN9t1+q6L+qyQ=="],

    "@pnpm/lockfile-utils": ["@pnpm/lockfile-utils@11.0.4", "", { "dependencies": { "@pnpm/dependency-path": "5.1.3", "@pnpm/lockfile-types": "7.1.3", "@pnpm/pick-fetcher": "3.0.0", "@pnpm/resolver-base": "13.0.1", "@pnpm/types": "11.1.0", "get-npm-tarball-url": "^2.1.0", "ramda": "npm:@pnpm/ramda@0.28.1" } }, "sha512-qczmd35HWys0P8ngG86pNquBPeVEQT4SH19AOu0uoK5d/9nXWnbqiHbAwRyMndNDxuPBf3ol65X4Esx/7z8ofg=="],

    "@pnpm/logger": ["@pnpm/logger@5.2.0", "", { "dependencies": { "bole": "^5.0.14", "ndjson": "^2.0.0" } }, "sha512-dCdSs2wPCweMkRLdISAKBOKSWeq/9iS9aanWgjoUkFs06KN2o5XGFg53oCXg/KbZhF9AXS3vMHPwTebzCeAEsA=="],

    "@pnpm/merge-lockfile-changes": ["@pnpm/merge-lockfile-changes@6.0.5", "", { "dependencies": { "@pnpm/lockfile-types": "7.1.3", "@pnpm/types": "11.1.0", "comver-to-semver": "^1.0.0", "ramda": "npm:@pnpm/ramda@0.28.1", "semver": "^7.6.2" } }, "sha512-2qKNX80l3TMuVr5+3VNBuYRo/iud4x2RGZMrUpm5cNQ6BMZdHwbo/9RzEOFTXWETbEKyErryc3VqS/54EhDaWw=="],

    "@pnpm/network.agent": ["@pnpm/network.agent@2.0.0", "", { "dependencies": { "@pnpm/network.config": "2.0.0", "@pnpm/network.proxy-agent": "2.0.0", "agentkeepalive": "4.2.1", "lru-cache": "7.10.1" } }, "sha512-CqONDs5W6vaAdgQEHyFSr4vj25Pv8eVzwI+oUvId/FBHOcTCgHndLIJGON39JnyQS40+yT9kpEj21la3rcJK2w=="],

    "@pnpm/network.config": ["@pnpm/network.config@2.0.0", "", { "dependencies": { "nerf-dart": "^1.0.0" } }, "sha512-DpTQTz4KBUgR0NNo/+/WXFlE4dy4+vgINhR9Eb+qo/Kb9RzGbhTN0ypv3sRYa6YG4UO5ft47rvEtHJ9i6VBwzA=="],

    "@pnpm/network.proxy-agent": ["@pnpm/network.proxy-agent@2.0.0", "", { "dependencies": { "@pnpm/error": "^6.0.0", "http-proxy-agent": "5.0.0", "https-proxy-agent": "5.0.1", "lru-cache": "7.10.1", "socks-proxy-agent": "6.1.1" } }, "sha512-gCShibUggQS1vveAzr84PhDvwoChR4HrHHdvTB8CqXHQu12eoXO8R01awalZWERrHL3fDkUQcqLqCospm2O/QQ=="],

    "@pnpm/pick-fetcher": ["@pnpm/pick-fetcher@3.0.0", "", {}, "sha512-2eisylRAU/jeuxFEPnS1gjLZKJGbYc4QEtEW6MVUYjO4Xi+2ttkSm7825S0J5IPpUIvln8HYPCUS0eQWSfpOaQ=="],

    "@pnpm/resolver-base": ["@pnpm/resolver-base@13.0.1", "", { "dependencies": { "@pnpm/types": "11.1.0" } }, "sha512-WXWHDtVFAmwyBSOLYkYF1bJujDQyG6JYZGsVsy+/dTPiaT8pzebL7p4fchC/8wpZroH7lxJ1lInSKIg7T904/g=="],

    "@pnpm/types": ["@pnpm/types@11.1.0", "", {}, "sha512-wnlOhu7hjv9/qsf2cbK0YqpaV9c4LS69Utxd+r8hq/GWhyrOHcM1QOlfQb0Mzci0q4DDgB8VXT4dhBnEBL4c5g=="],

    "@pnpm/util.lex-comparator": ["@pnpm/util.lex-comparator@3.0.0", "", {}, "sha512-ead+l3IiuVXwKDf/QJPX6G93cwhXki3yOVEA/VdAO7AhZ5vUuSBxHe6gQKEbB0QacJ4H5VsYxeM1xUgwjjOO/Q=="],

    "@tootallnate/once": ["@tootallnate/once@2.0.0", "", {}, "sha512-XCuKFP5PS55gnMVu3dty8KPatLqUoy/ZYzDzAGCQ8JNFCkLXzmI7vNHCR+XpbZaMWQK/vQubr7PkYq8g470J/A=="],

    "@types/bun": ["@types/bun@1.2.20", "", { "dependencies": { "bun-types": "1.2.20" } }, "sha512-dX3RGzQ8+KgmMw7CsW4xT5ITBSCrSbfHc36SNT31EOUg/LA9JWq0VDdEXDRSe1InVWpd2yLUM1FUF/kEOyTzYA=="],

    "@types/node": ["@types/node@24.2.1", "", { "dependencies": { "undici-types": "~7.10.0" } }, "sha512-DRh5K+ka5eJic8CjH7td8QpYEV6Zo10gfRkjHCO3weqZHWDtAaSTFtl4+VMqOJ4N5jcuhZ9/l+yy8rVgw7BQeQ=="],

    "@types/react": ["@types/react@19.1.10", "", { "dependencies": { "csstype": "^3.0.2" } }, "sha512-EhBeSYX0Y6ye8pNebpKrwFJq7BoQ8J5SO6NlvNwwHjSj6adXJViPQrKlsyPw7hLBLvckEMO1yxeGdR82YBBlDg=="],

    "@zkochan/retry": ["@zkochan/retry@0.2.0", "", {}, "sha512-WhB+2B/ZPlW2Xy/kMJBrMbqecWXcbDDgn0K0wKBAgO2OlBTz1iLJrRWduo+DGGn0Akvz1Lu4Xvls7dJojximWw=="],

    "@zkochan/rimraf": ["@zkochan/rimraf@3.0.2", "", {}, "sha512-GBf4ua7ogWTr7fATnzk/JLowZDBnBJMm8RkMaC/KcvxZ9gxbMWix0/jImd815LmqKyIHZ7h7lADRddGMdGBuCA=="],

    "@zkochan/which": ["@zkochan/which@2.0.3", "", { "dependencies": { "isexe": "^2.0.0" }, "bin": { "node-which": "bin/node-which" } }, "sha512-C1ReN7vt2/2O0fyTsx5xnbQuxBrmG5NMSbcIkPKCCfCTJgpZBsuRYzFXHj3nVq8vTfK7vxHUmzfCpSHgO7j4rg=="],

    "agent-base": ["agent-base@6.0.2", "", { "dependencies": { "debug": "4" } }, "sha512-RZNwNclF7+MS/8bDg70amg32dyeZGZxiDuQmZxKLAlQjr3jGyLx+4Kkk58UO7D2QdgFIQCovuSuZESne6RG6XQ=="],

    "agentkeepalive": ["agentkeepalive@4.2.1", "", { "dependencies": { "debug": "^4.1.0", "depd": "^1.1.2", "humanize-ms": "^1.2.1" } }, "sha512-Zn4cw2NEqd+9fiSVWMscnjyQ1a8Yfoc5oBajLeo5w+YBHgDUcEBY2hS4YpTz6iN5f/2zQiktcuM6tS8x1p9dpA=="],

    "ansi-regex": ["ansi-regex@6.1.0", "", {}, "sha512-7HSX4QQb4CspciLpVFwyRe79O3xsIZDDLER21kERQ71oaPodF8jL725AgJMFAYbooIqolJoRLuM81SpeUkpkvA=="],

    "ansi-styles": ["ansi-styles@6.2.1", "", {}, "sha512-bN798gFfQX+viw3R7yrGWRqnrN2oRkEkUjjl4JNn4E8GxxbjtG3FbrEIIY3l8/hrwUwIeCZvi4QuOTP4MErVug=="],

    "argparse": ["argparse@2.0.1", "", {}, "sha512-8+9WqebbFzpX9OR+Wa6O29asIogeRMzcGtAINdpMHHyAg10f05aSFVBbcEqGf/PXw1EjAZ+q2/bEBg3DvurK3Q=="],

    "balanced-match": ["balanced-match@1.0.2", "", {}, "sha512-3oSeUO0TMV67hN1AmbXsK4yaqU7tjiHlbxRDZOpH0KW9+CeX4bRAaX0Anxt0tx2MrpRpWwQaPwIlISEJhYU5Pw=="],

    "bole": ["bole@5.0.17", "", { "dependencies": { "fast-safe-stringify": "^2.0.7", "individual": "^3.0.0" } }, "sha512-q6F82qEcUQTP178ZEY4WI1zdVzxy+fOnSF1dOMyC16u1fc0c24YrDPbgxA6N5wGHayCUdSBWsF8Oy7r2AKtQdA=="],

    "brace-expansion": ["brace-expansion@2.0.1", "", { "dependencies": { "balanced-match": "^1.0.0" } }, "sha512-XnAIvQ8eM+kC6aULx6wuQiwVsnzsi9d3WxzV3FpWTGA19F621kwdbsAcFKXgKUHZWsy+mY6iL1sHTxWEFCytDA=="],

    "bun-types": ["bun-types@1.2.20", "", { "dependencies": { "@types/node": "*" }, "peerDependencies": { "@types/react": "^19" } }, "sha512-pxTnQYOrKvdOwyiyd/7sMt9yFOenN004Y6O4lCcCUoKVej48FS5cvTw9geRaEcB9TsDZaJKAxPTVvi8tFsVuXA=="],

    "color-convert": ["color-convert@2.0.1", "", { "dependencies": { "color-name": "~1.1.4" } }, "sha512-RRECPsj7iu/xb5oKYcsFHSppFNnsj/52OVTRKb4zP5onXwVF3zVmmToNcOfGC+CRDpfK/U584fMg38ZHCaElKQ=="],

    "color-name": ["color-name@1.1.4", "", {}, "sha512-dOy+3AuW3a2wNbZHIuMZpTcgjGuLU/uBL/ubcZF9OXbDo8ff4O8yVp5Bf0efS8uEoYo5q4Fx7dY9OgQGXgAsQA=="],

    "commander": ["commander@14.0.0", "", {}, "sha512-2uM9rYjPvyq39NwLRqaiLtWHyDC1FvryJDa2ATTVims5YAS4PupsEQsDvP14FqhFr0P49CYDugi59xaxJlTXRA=="],

    "comver-to-semver": ["comver-to-semver@1.0.0", "", {}, "sha512-gcGtbRxjwROQOdXLUWH1fQAXqThUVRZ219aAwgtX3KfYw429/Zv6EIJRf5TBSzWdAGwePmqH7w70WTaX4MDqag=="],

    "cross-spawn": ["cross-spawn@7.0.6", "", { "dependencies": { "path-key": "^3.1.0", "shebang-command": "^2.0.0", "which": "^2.0.1" } }, "sha512-uV2QOWP2nWzsy2aMp8aRibhi9dlzF5Hgh5SHaB9OiTGEyDTiJJyx0uy51QXdyWbtAHNua4XJzUKca3OzKUd3vA=="],

    "csstype": ["csstype@3.1.3", "", {}, "sha512-M1uQkMl8rQK/szD0LNhtqxIPLpimGm8sOBwU7lLnCpSbTyY3yeU1Vc7l4KT5zT4s/yOxHH5O7tIuuLOCnLADRw=="],

    "data-uri-to-buffer": ["data-uri-to-buffer@3.0.1", "", {}, "sha512-WboRycPNsVw3B3TL559F7kuBUM4d8CgMEvk6xEJlOp7OBPjt6G7z8WMWlD2rOFZLk6OYfFIUGsCOWzcQH9K2og=="],

    "debug": ["debug@4.4.0", "", { "dependencies": { "ms": "^2.1.3" } }, "sha512-6WTZ/IxCY/T6BALoZHaE4ctp9xm+Z5kY/pzYaCHRFeyVhojxlrm+46y68HA6hr0TcwEssoxNiDEUJQjfPZ/RYA=="],

    "depd": ["depd@1.1.2", "", {}, "sha512-7emPTl6Dpo6JRXOXjLRxck+FlLRX5847cLKEn00PLAgc3g2hTZZgr+e4c2v6QpSmLeFP3n5yUo7ft6avBK/5jQ=="],

    "eastasianwidth": ["eastasianwidth@0.2.0", "", {}, "sha512-I88TYZWc9XiYHRQ4/3c5rjjfgkjhLyW2luGIheGERbNQ6OY7yTybanSpDXZa8y7VUP9YmDcYa+eyq4ca7iLqWA=="],

    "emoji-regex": ["emoji-regex@9.2.2", "", {}, "sha512-L18DaJsXSUk2+42pv8mLs5jJT2hqFkFE4j21wOmgbUqsZ2hL72NsUU785g9RXgo3s0ZNgVl42TiHp3ZtOv/Vyg=="],

    "err-code": ["err-code@2.0.3", "", {}, "sha512-2bmlRpNKBxT/CRmPOlyISQpNj+qSeYvcym/uT0Jx2bMOlKLtSy1ZmLuVxSEKKyor/N5yhvp/ZiG1oE3DEYMSFA=="],

    "execa": ["safe-execa@0.1.2", "", { "dependencies": { "@zkochan/which": "^2.0.3", "execa": "^5.1.1", "path-name": "^1.0.0" } }, "sha512-vdTshSQ2JsRCgT8eKZWNJIL26C6bVqy1SOmuCMlKHegVeo8KYRobRrefOdUq9OozSPUUiSxrylteeRmLOMFfWg=="],

    "fast-safe-stringify": ["fast-safe-stringify@2.1.1", "", {}, "sha512-W+KJc2dmILlPplD/H4K9l9LcAHAfPtP6BY84uVLXQ6Evcz9Lcg33Y2z1IVblT6xdY54PXYVHEv+0Wpq8Io6zkA=="],

    "fetch-blob": ["fetch-blob@2.1.2", "", {}, "sha512-YKqtUDwqLyfyMnmbw8XD6Q8j9i/HggKtPEI+pZ1+8bvheBu78biSmNaXWusx1TauGqtUUGx/cBb1mKdq2rLYow=="],

    "foreground-child": ["foreground-child@3.3.0", "", { "dependencies": { "cross-spawn": "^7.0.0", "signal-exit": "^4.0.1" } }, "sha512-Ld2g8rrAyMYFXBhEqMz8ZAHBi4J4uS1i/CxGMDnjyFWddMXLVcDp051DZfu+t7+ab7Wv6SMqpWmyFIj5UbfFvg=="],

    "get-npm-tarball-url": ["get-npm-tarball-url@2.1.0", "", {}, "sha512-ro+DiMu5DXgRBabqXupW38h7WPZ9+Ad8UjwhvsmmN8w1sU7ab0nzAXvVZ4kqYg57OrqomRtJvepX5/xvFKNtjA=="],

    "get-stream": ["get-stream@6.0.1", "", {}, "sha512-ts6Wi+2j3jQjqi70w5AlN8DFnkSwC+MqmxEzdEALB2qXZYV3X/b1CTfgPLGJNMeAWxdPfU8FO1ms3NUfaHCPYg=="],

    "glob": ["glob@10.4.5", "", { "dependencies": { "foreground-child": "^3.1.0", "jackspeak": "^3.1.2", "minimatch": "^9.0.4", "minipass": "^7.1.2", "package-json-from-dist": "^1.0.0", "path-scurry": "^1.11.1" }, "bin": { "glob": "dist/esm/bin.mjs" } }, "sha512-7Bv8RF0k6xjo7d4A/PxYLbUCfb6c+Vpd2/mB2yRDlew7Jb5hEXiCD9ibfO7wpk8i4sevK6DFny9h7EYbM3/sHg=="],

    "graceful-git": ["graceful-git@4.0.0", "", { "dependencies": { "retry": "^0.13.1", "safe-execa": "^0.1.1" } }, "sha512-zK/rCH/I0DMKpPBLCElXGI7za3EnXeQFdiK6CTP02Tt1N1L+bMLghZY7cXozlx9M2bx4Q0zrY9ADYP3eI8haIw=="],

    "hosted-git-info": ["hosted-git-info@8.0.2", "", { "dependencies": { "lru-cache": "^10.0.1" } }, "sha512-sYKnA7eGln5ov8T8gnYlkSOxFJvywzEx9BueN6xo/GKO8PGiI6uK6xx+DIGe45T3bdVjLAQDQW1aicT8z8JwQg=="],

    "http-proxy-agent": ["http-proxy-agent@5.0.0", "", { "dependencies": { "@tootallnate/once": "2", "agent-base": "6", "debug": "4" } }, "sha512-n2hY8YdoRE1i7r6M0w9DIw5GgZN0G25P8zLCRQ8rjXtTU3vsNFBI/vWK/UIeE6g5MUUz6avwAPXmL6Fy9D/90w=="],

    "https-proxy-agent": ["https-proxy-agent@5.0.1", "", { "dependencies": { "agent-base": "6", "debug": "4" } }, "sha512-dFcAjpTQFgoLMzC2VwU+C/CbS7uRL0lWmxDITmqm7C+7F0Odmj6s9l6alZc6AELXhrnggM2CeWSXHGOdX2YtwA=="],

    "human-signals": ["human-signals@2.1.0", "", {}, "sha512-B4FFZ6q/T2jhhksgkbEW3HBvWIfDW85snkQgawt07S7J5QXTk6BkNV+0yAeZrM5QpMAdYlocGoljn0sJ/WQkFw=="],

    "humanize-ms": ["humanize-ms@1.2.1", "", { "dependencies": { "ms": "^2.0.0" } }, "sha512-Fl70vYtsAFb/C06PTS9dZBo7ihau+Tu/DNCk/OyHhea07S+aeMWpFFkUaXRa8fI+ScZbEI8dfSxwY7gxZ9SAVQ=="],

    "imurmurhash": ["imurmurhash@0.1.4", "", {}, "sha512-JmXMZ6wuvDmLiHEml9ykzqO6lwFbof0GG4IkcGaENdCRDDmMVnny7s5HsIgHCbaq0w2MyPhDqkhTUgS2LU2PHA=="],

    "individual": ["individual@3.0.0", "", {}, "sha512-rUY5vtT748NMRbEMrTNiFfy29BgGZwGXUi2NFUVMWQrogSLzlJvQV9eeMWi+g1aVaQ53tpyLAQtd5x/JH0Nh1g=="],

    "inherits": ["inherits@2.0.4", "", {}, "sha512-k/vGaX4/Yla3WzyMCvTQOXYeIHvqOKtnqBduzTHpzpQZzAskKMhZ2K+EnBiSM9zGSoIFeMpXKxa4dYeZIQqewQ=="],

    "ini": ["ini@5.0.0", "", {}, "sha512-+N0ngpO3e7cRUWOJAS7qw0IZIVc6XPrW4MlFBdD066F2L4k1L6ker3hLqSq7iXxU5tgS4WGkIUElWn5vogAEnw=="],

    "ip-address": ["ip-address@9.0.5", "", { "dependencies": { "jsbn": "1.1.0", "sprintf-js": "^1.1.3" } }, "sha512-zHtQzGojZXTwZTHQqra+ETKd4Sn3vgi7uBmlPoXVWZqYvuKmtI0l/VZTjqGmJY9x88GGOaZ9+G9ES8hC4T4X8g=="],

    "is-fullwidth-code-point": ["is-fullwidth-code-point@3.0.0", "", {}, "sha512-zymm5+u+sCsSWyD9qNaejV3DFvhCKclKdizYaJUuHA83RLjb7nSuGnddCHGv0hk+KY7BMAlsWeK4Ueg6EV6XQg=="],

    "is-plain-obj": ["is-plain-obj@2.1.0", "", {}, "sha512-YWnfyRwxL/+SsrWYfOpUtz5b3YD+nyfkHvjbcanzk8zgyO4ASD67uVMRt8k5bM4lLMDnXfriRhOpemw+NfT1eA=="],

    "is-stream": ["is-stream@2.0.1", "", {}, "sha512-hFoiJiTl63nn+kstHGBtewWSKnQLpyb155KHheA1l39uvtO9nWIop1p3udqPcUd/xbF1VLMO4n7OI6p7RbngDg=="],

    "isexe": ["isexe@3.1.1", "", {}, "sha512-LpB/54B+/2J5hqQ7imZHfdU31OlgQqx7ZicVlkm9kzg9/w8GKLEcFfJl/t7DCEDueOyBAD6zCCwTO6Fzs0NoEQ=="],

    "jackspeak": ["jackspeak@3.4.3", "", { "dependencies": { "@isaacs/cliui": "^8.0.2" }, "optionalDependencies": { "@pkgjs/parseargs": "^0.11.0" } }, "sha512-OGlZQpz2yfahA/Rd1Y8Cd9SIEsqvXkLVoSw/cgwhnhFMDbsQFeZYoJJ7bIZBS9BcamUW96asq/npPWugM+RQBw=="],

    "js-yaml": ["@zkochan/js-yaml@0.0.7", "", { "dependencies": { "argparse": "^2.0.1" }, "bin": { "js-yaml": "bin/js-yaml.js" } }, "sha512-nrUSn7hzt7J6JWgWGz78ZYI8wj+gdIJdk0Ynjpp8l+trkn58Uqsf6RYrYkEK+3X18EX+TNdtJI0WxAtc+L84SQ=="],

    "jsbn": ["jsbn@1.1.0", "", {}, "sha512-4bYVV3aAMtDTTu4+xsDYa6sy9GyJ69/amsu9sYF2zqjiEoZA5xJi3BrfX3uY+/IekIu7MwdObdbDWpoZdBv3/A=="],

    "json-parse-even-better-errors": ["json-parse-even-better-errors@4.0.0", "", {}, "sha512-lR4MXjGNgkJc7tkQ97kb2nuEMnNCyU//XYVH0MKTGcXEiSudQ5MKGKen3C5QubYy0vmq+JGitUg92uuywGEwIA=="],

    "json-stringify-safe": ["json-stringify-safe@5.0.1", "", {}, "sha512-ZClg6AaYvamvYEE82d3Iyd3vSSIjQ+odgjaTzRuO3s7toCdFKczob2i0zCh7JE8kWn17yvAWhUVxvqGwUalsRA=="],

    "lru-cache": ["lru-cache@10.4.3", "", {}, "sha512-JNAzZcXrCt42VGLuYz0zfAzDfAvJWW6AfYlDBQyDV5DClI2m5sAmK+OIO7s59XfsRsWHp02jAJrRadPRGTt6SQ=="],

    "merge-stream": ["merge-stream@2.0.0", "", {}, "sha512-abv/qOcuPfk3URPfDzmZU1LKmuw8kT+0nIHvKrKgFrwifol/doWcdA4ZqsWQ8ENrFKkd67Mfpo/LovbIUsbt3w=="],

    "mimic-fn": ["mimic-fn@2.1.0", "", {}, "sha512-OqbOk5oEQeAZ8WXWydlu9HJjz9WVdEIvamMCcXmuqUYjTknH/sqsWvhQ3vgwKFRR1HpjvNBKQ37nbJgYzGqGcg=="],

    "minimatch": ["minimatch@9.0.5", "", { "dependencies": { "brace-expansion": "^2.0.1" } }, "sha512-G6T0ZX48xgozx7587koeX9Ys2NYy6Gmv//P89sEte9V9whIapMNF4idKxnW2QtCcLiTWlb/wfCabAtAFWhhBow=="],

    "minimist": ["minimist@1.2.8", "", {}, "sha512-2yyAR8qBkN3YuheJanUpWC5U3bb5osDywNB8RzDVlDwDHbocAJveqqj1u8+SVD7jkWT4yvsHCpWqqWqAxb0zCA=="],

    "minipass": ["minipass@7.1.2", "", {}, "sha512-qOOzS1cBTWYF4BH8fVePDBOO9iptMnGUEZwNc/cMWnTV2nVLZ7VoNWEPHkYczZA0pdoA7dl6e7FL659nX9S2aw=="],

    "ms": ["ms@2.1.3", "", {}, "sha512-6FlzubTLZG3J2a/NVCAleEhjzq5oxgHyaCU9yYXvcLsvoVaHJq/s5xXI6/XXP6tz7R9xAOtHnSO/tXtF3WRTlA=="],

    "ndjson": ["ndjson@2.0.0", "", { "dependencies": { "json-stringify-safe": "^5.0.1", "minimist": "^1.2.5", "readable-stream": "^3.6.0", "split2": "^3.0.0", "through2": "^4.0.0" }, "bin": { "ndjson": "cli.js" } }, "sha512-nGl7LRGrzugTtaFcJMhLbpzJM6XdivmbkdlaGcrk/LXg2KL/YBC6z1g70xh0/al+oFuVFP8N8kiWRucmeEH/qQ=="],

    "nerf-dart": ["nerf-dart@1.0.0", "", {}, "sha512-EZSPZB70jiVsivaBLYDCyntd5eH8NTSMOn3rB+HxwdmKThGELLdYv8qVIMWvZEFy9w8ZZpW9h9OB32l1rGtj7g=="],

    "node-fetch": ["@pnpm/node-fetch@1.0.0", "", { "dependencies": { "data-uri-to-buffer": "^3.0.1", "fetch-blob": "^2.1.1" } }, "sha512-eYwrzhKUBGFdq78rJStGjaHTUHA2VH+Avr//CVx/T+EJkI7hnFmOy6YghvcB2clj8HpO4V8tXRNuFNfRX08ayw=="],

    "normalize-path": ["normalize-path@3.0.0", "", {}, "sha512-6eZs5Ls3WtCisHWp9S2GUy8dqkpGi4BVSz3GaqiE6ezub0512ESztXUwUB6C6IKbQkY2Pnb/mD4WYojCRwcwLA=="],

    "npm-install-checks": ["npm-install-checks@7.1.1", "", { "dependencies": { "semver": "^7.1.1" } }, "sha512-u6DCwbow5ynAX5BdiHQ9qvexme4U3qHW3MWe5NqH+NeBm0LbiH6zvGjNNew1fY+AZZUtVHbOPF3j7mJxbUzpXg=="],

    "npm-normalize-package-bin": ["npm-normalize-package-bin@4.0.0", "", {}, "sha512-TZKxPvItzai9kN9H/TkmCtx/ZN/hvr3vUycjlfmH0ootY9yFBzNOpiXAdIn1Iteqsvk4lQn6B5PTrt+n6h8k/w=="],

    "npm-package-arg": ["npm-package-arg@12.0.2", "", { "dependencies": { "hosted-git-info": "^8.0.0", "proc-log": "^5.0.0", "semver": "^7.3.5", "validate-npm-package-name": "^6.0.0" } }, "sha512-f1NpFjNI9O4VbKMOlA5QoBq/vSQPORHcTZ2feJpFkTHJ9eQkdlmZEKSjcAhxTGInC7RlEyScT9ui67NaOsjFWA=="],

    "npm-pick-manifest": ["npm-pick-manifest@10.0.0", "", { "dependencies": { "npm-install-checks": "^7.1.0", "npm-normalize-package-bin": "^4.0.0", "npm-package-arg": "^12.0.0", "semver": "^7.3.5" } }, "sha512-r4fFa4FqYY8xaM7fHecQ9Z2nE9hgNfJR+EmoKv0+chvzWkBcORX3r0FpTByP+CbOVJDladMXnPQGVN8PBLGuTQ=="],

    "npm-run-path": ["npm-run-path@4.0.1", "", { "dependencies": { "path-key": "^3.0.0" } }, "sha512-S48WzZW777zhNIrn7gxOlISNAqi9ZC/uQFnRdbeIHhZhCA6UqpkOT8T1G7BvfdgP4Er8gF4sUbaS0i7QvIfCWw=="],

    "onetime": ["onetime@5.1.2", "", { "dependencies": { "mimic-fn": "^2.1.0" } }, "sha512-kbpaSSGJTWdAY5KPVeMOKXSrPtr8C8C7wodJbcsd51jRnmD+GZu8Y0VoU6Dm5Z4vWr0Ig/1NKuWRKf7j5aaYSg=="],

    "package-json-from-dist": ["package-json-from-dist@1.0.1", "", {}, "sha512-UEZIS3/by4OC8vL3P2dTXRETpebLI2NiI5vIrjaD/5UtrkFX/tNbwjTSRAGC/+7CAo2pIcBaRgWmcBBHcsaCIw=="],

    "path-key": ["path-key@3.1.1", "", {}, "sha512-ojmeN0qd+y0jszEtoY48r0Peq5dwMEkIlCOu6Q5f41lfkswXuKtYrhgoTpLnyIcHm24Uhqx+5Tqm2InSwLhE6Q=="],

    "path-name": ["path-name@1.0.0", "", {}, "sha512-/dcAb5vMXH0f51yvMuSUqFpxUcA8JelbRmE5mW/p4CUJxrNgK24IkstnV7ENtg2IDGBOu6izKTG6eilbnbNKWQ=="],

    "path-scurry": ["path-scurry@1.11.1", "", { "dependencies": { "lru-cache": "^10.2.0", "minipass": "^5.0.0 || ^6.0.2 || ^7.0.0" } }, "sha512-Xa4Nw17FS9ApQFJ9umLiJS4orGjm7ZzwUrwamcGQuHSzDyth9boKDaycYdDcZDuqYATXw4HFXgaqWTctW/v1HA=="],

    "proc-log": ["proc-log@5.0.0", "", {}, "sha512-Azwzvl90HaF0aCz1JrDdXQykFakSSNPaPoiZ9fm5qJIMHioDZEi7OAdRwSm6rSoPtY3Qutnm3L7ogmg3dc+wbQ=="],

    "promise-inflight": ["promise-inflight@1.0.1", "", {}, "sha512-6zWPyEOFaQBJYcGMHBKTKJ3u6TBsnMFOIZSa6ce1e/ZrrsOlnHRHbabMjLiBYKp+n44X9eUI6VUPaukCXHuG4g=="],

    "promise-retry": ["promise-retry@2.0.1", "", { "dependencies": { "err-code": "^2.0.2", "retry": "^0.12.0" } }, "sha512-y+WKFlBR8BGXnsNlIHFGPZmyDf3DFMoLhaflAnyZgV6rG6xu+JwesTo2Q9R6XwYmtmwAFCkAk3e35jEdoeh/3g=="],

    "ramda": ["@pnpm/ramda@0.28.1", "", {}, "sha512-zcAG+lvU0fMziNeGXpPyCyCJYp5ZVrPElEE4t14jAmViaihohocZ+dDkcRIyAomox8pQsuZnv1EyHR+pOhmUWw=="],

    "readable-stream": ["readable-stream@3.6.2", "", { "dependencies": { "inherits": "^2.0.3", "string_decoder": "^1.1.1", "util-deprecate": "^1.0.1" } }, "sha512-9u/sniCrY3D5WdsERHzHE4G2YCXqoG5FTHUiCC4SIbr6XcLZBY05ya9EKjYek9O5xOAwjGq+1JdGBAS7Q9ScoA=="],

    "retry": ["retry@0.12.0", "", {}, "sha512-9LkiTwjUh6rT555DtE9rTX+BKByPfrMzEAtnlEtdEwr3Nkffwiihqe2bWADg+OQRjt9gl6ICdmB/ZFDCGAtSow=="],

    "rfc4648": ["rfc4648@1.5.4", "", {}, "sha512-rRg/6Lb+IGfJqO05HZkN50UtY7K/JhxJag1kP23+zyMfrvoB0B7RWv06MbOzoc79RgCdNTiUaNsTT1AJZ7Z+cg=="],

    "safe-buffer": ["safe-buffer@5.2.1", "", {}, "sha512-rp3So07KcdmmKbGvgaNxQSJr7bGVSVk5S9Eq1F+ppbRo70+YeaDxkw5Dd8NPN+GD6bjnYm2VuPuCXmpuYvmCXQ=="],

    "safe-execa": ["safe-execa@0.1.2", "", { "dependencies": { "@zkochan/which": "^2.0.3", "execa": "^5.1.1", "path-name": "^1.0.0" } }, "sha512-vdTshSQ2JsRCgT8eKZWNJIL26C6bVqy1SOmuCMlKHegVeo8KYRobRrefOdUq9OozSPUUiSxrylteeRmLOMFfWg=="],

    "semver": ["semver@7.7.1", "", { "bin": { "semver": "bin/semver.js" } }, "sha512-hlq8tAfn0m/61p4BVRcPzIGr6LKiMwo4VM6dGi6pt4qcRkmNzTcWq6eCEjEh+qXjkMDvPlOFFSGwQjoEa6gyMA=="],

    "shebang-command": ["shebang-command@2.0.0", "", { "dependencies": { "shebang-regex": "^3.0.0" } }, "sha512-kHxr2zZpYtdmrN1qDjrrX/Z1rR1kG8Dx+gkpK1G4eXmvXswmcE1hTWBWYUzlraYw1/yZp6YuDY77YtvbN0dmDA=="],

    "shebang-regex": ["shebang-regex@3.0.0", "", {}, "sha512-7++dFhtcx3353uBaq8DDR4NuxBetBzC7ZQOhmTQInHEd6bSrXdiEyzCvG07Z44UYdLShWUyXt5M/yhz8ekcb1A=="],

    "signal-exit": ["signal-exit@4.1.0", "", {}, "sha512-bzyZ1e88w9O1iNJbKnOlvYTrWPDl46O1bG0D3XInv+9tkPrxrN8jUUTiFlDkkmKWgn1M6CfIA13SuGqOa9Korw=="],

    "smart-buffer": ["smart-buffer@4.2.0", "", {}, "sha512-94hK0Hh8rPqQl2xXc3HsaBoOXKV20MToPkcXvwbISWLEs+64sBq5kFgn2kJDHb1Pry9yrP0dxrCI9RRci7RXKg=="],

    "socks": ["socks@2.8.4", "", { "dependencies": { "ip-address": "^9.0.5", "smart-buffer": "^4.2.0" } }, "sha512-D3YaD0aRxR3mEcqnidIs7ReYJFVzWdd6fXJYUM8ixcQcJRGTka/b3saV0KflYhyVJXKhb947GndU35SxYNResQ=="],

    "socks-proxy-agent": ["socks-proxy-agent@6.1.1", "", { "dependencies": { "agent-base": "^6.0.2", "debug": "^4.3.1", "socks": "^2.6.1" } }, "sha512-t8J0kG3csjA4g6FTbsMOWws+7R7vuRC8aQ/wy3/1OWmsgwA68zs/+cExQ0koSitUDXqhufF/YJr9wtNMZHw5Ew=="],

    "sort-keys": ["sort-keys@4.2.0", "", { "dependencies": { "is-plain-obj": "^2.0.0" } }, "sha512-aUYIEU/UviqPgc8mHR6IW1EGxkAXpeRETYcrzg8cLAvUPZcpAlleSXHV2mY7G12GphSH6Gzv+4MMVSSkbdteHg=="],

    "spdx-correct": ["spdx-correct@3.2.0", "", { "dependencies": { "spdx-expression-parse": "^3.0.0", "spdx-license-ids": "^3.0.0" } }, "sha512-kN9dJbvnySHULIluDHy32WHRUu3Og7B9sbY7tsFLctQkIqnMh3hErYgdMjTYuqmcXX+lK5T1lnUt3G7zNswmZA=="],

    "spdx-exceptions": ["spdx-exceptions@2.5.0", "", {}, "sha512-PiU42r+xO4UbUS1buo3LPJkjlO7430Xn5SVAhdpzzsPHsjbYVflnnFdATgabnLude+Cqu25p6N+g2lw/PFsa4w=="],

    "spdx-expression-parse": ["spdx-expression-parse@3.0.1", "", { "dependencies": { "spdx-exceptions": "^2.1.0", "spdx-license-ids": "^3.0.0" } }, "sha512-cbqHunsQWnJNE6KhVSMsMeH5H/L9EpymbzqTQ3uLwNCLZ1Q481oWaofqH7nO6V07xlXwY6PhQdQ2IedWx/ZK4Q=="],

    "spdx-license-ids": ["spdx-license-ids@3.0.21", "", {}, "sha512-Bvg/8F5XephndSK3JffaRqdT+gyhfqIPwDHpX80tJrF8QQRYMo8sNMeaZ2Dp5+jhwKnUmIOyFFQfHRkjJm5nXg=="],

    "split2": ["split2@3.2.2", "", { "dependencies": { "readable-stream": "^3.0.0" } }, "sha512-9NThjpgZnifTkJpzTZ7Eue85S49QwpNhZTq6GRJwObb6jnLFNGB7Qm73V5HewTROPyxD0C29xqmaI68bQtV+hg=="],

    "sprintf-js": ["sprintf-js@1.1.3", "", {}, "sha512-Oo+0REFV59/rz3gfJNKQiBlwfHaSESl1pcGyABQsnnIfWOFt6JNj5gCog2U6MLZ//IGYD+nA8nI+mTShREReaA=="],

    "string-width": ["string-width@5.1.2", "", { "dependencies": { "eastasianwidth": "^0.2.0", "emoji-regex": "^9.2.2", "strip-ansi": "^7.0.1" } }, "sha512-HnLOCR3vjcY8beoNLtcjZ5/nxn2afmME6lhrDrebokqMap+XbeW8n9TXpPDOqdGK5qcI3oT0GKTW6wC7EMiVqA=="],

    "string-width-cjs": ["string-width@4.2.3", "", { "dependencies": { "emoji-regex": "^8.0.0", "is-fullwidth-code-point": "^3.0.0", "strip-ansi": "^6.0.1" } }, "sha512-wKyQRQpjJ0sIp62ErSZdGsjMJWsap5oRNihHhu6G7JVO/9jIB6UyevL+tXuOqrng8j/cxKTWyWUwvSTriiZz/g=="],

    "string_decoder": ["string_decoder@1.3.0", "", { "dependencies": { "safe-buffer": "~5.2.0" } }, "sha512-hkRX8U1WjJFd8LsDJ2yQ/wWWxaopEsABU1XfkM8A+j0+85JAGppt16cr1Whg6KIbb4okU6Mql6BOj+uup/wKeA=="],

    "strip-ansi": ["strip-ansi@7.1.0", "", { "dependencies": { "ansi-regex": "^6.0.1" } }, "sha512-iq6eVVI64nQQTRYq2KtEg2d2uU7LElhTJwsH4YzIHZshxlgZms/wIc4VoDQTlG/IvVIrBKG06CrZnp0qv7hkcQ=="],

    "strip-ansi-cjs": ["strip-ansi@6.0.1", "", { "dependencies": { "ansi-regex": "^5.0.1" } }, "sha512-Y38VPSHcqkFrCpFnQ9vuSXmquuv5oXOKpGeT6aGrr3o3Gc9AlVa6JBfUSOCnbxGGZF+/0ooI7KrPuUSztUdU5A=="],

    "strip-bom": ["strip-bom@4.0.0", "", {}, "sha512-3xurFv5tEgii33Zi8Jtp55wEIILR9eh34FAW00PZf+JnSsTmV/ioewSgQl97JHvgjoRGwPShsWm+IdrxB35d0w=="],

    "strip-final-newline": ["strip-final-newline@2.0.0", "", {}, "sha512-BrpvfNAE3dcvq7ll3xVumzjKjZQ5tI1sEUIKr3Uoks0XUl45St3FlatVqef9prk4jRDzhW6WZg+3bk93y6pLjA=="],

    "through2": ["through2@4.0.2", "", { "dependencies": { "readable-stream": "3" } }, "sha512-iOqSav00cVxEEICeD7TjLB1sueEL+81Wpzp2bY17uZjZN0pWZPuo4suZ/61VujxmqSGFfgOcNuTZ85QJwNZQpw=="],

    "typescript": ["typescript@5.8.3", "", { "bin": { "tsc": "bin/tsc", "tsserver": "bin/tsserver" } }, "sha512-p1diW6TqL9L07nNxvRMM7hMMw4c5XOo/1ibL4aAIGmSAt9slTE1Xgw5KWuof2uTOvCg9BY7ZRi+GaF+7sfgPeQ=="],

    "undici-types": ["undici-types@7.10.0", "", {}, "sha512-t5Fy/nfn+14LuOc2KNYg75vZqClpAiqscVvMygNnlsHBFpSXdJaYtXMcdNLpl/Qvc3P2cB3s6lOV51nqsFq4ag=="],

    "util-deprecate": ["util-deprecate@1.0.2", "", {}, "sha512-EPD5q1uXyFxJpCrLnCc1nHnq3gOa6DZBocAIiI2TaSCA7VCJ1UJDMagCzIkXNsUYfD1daK//LTEQ8xiIbrHtcw=="],

    "validate-npm-package-license": ["validate-npm-package-license@3.0.4", "", { "dependencies": { "spdx-correct": "^3.0.0", "spdx-expression-parse": "^3.0.0" } }, "sha512-DpKm2Ui/xN7/HQKCtpZxoRWBhZ9Z0kqtygG8XCgNQ8ZlDnxuQmWhj566j8fN4Cu3/JmbhsDo7fcAJq4s9h27Ew=="],

    "validate-npm-package-name": ["validate-npm-package-name@6.0.0", "", {}, "sha512-d7KLgL1LD3U3fgnvWEY1cQXoO/q6EQ1BSz48Sa149V/5zVTAbgmZIpyI8TRi6U9/JNyeYLlTKsEMPtLC27RFUg=="],

    "which": ["which@5.0.0", "", { "dependencies": { "isexe": "^3.1.1" }, "bin": { "node-which": "bin/which.js" } }, "sha512-JEdGzHwwkrbWoGOlIHqQ5gtprKGOenpDHpxE9zVR1bWbOtYRyPPHMe9FaP6x61CmNaTThSkb0DAJte5jD+DmzQ=="],

    "wrap-ansi": ["wrap-ansi@8.1.0", "", { "dependencies": { "ansi-styles": "^6.1.0", "string-width": "^5.0.1", "strip-ansi": "^7.0.1" } }, "sha512-si7QWI6zUMq56bESFvagtmzMdGOtoxfR+Sez11Mobfc7tm+VkUckk9bW2UeffTGVUbOksxmSw0AA2gs8g71NCQ=="],

    "wrap-ansi-cjs": ["wrap-ansi@7.0.0", "", { "dependencies": { "ansi-styles": "^4.0.0", "string-width": "^4.1.0", "strip-ansi": "^6.0.0" } }, "sha512-YVGIj2kamLSTxw6NsZjoBxfSwsn0ycdesmc4p+Q21c5zPuZ1pl+NfxVdxPtdHvmNVOQ6XSYG4AUtyt/Fi7D16Q=="],

    "write-file-atomic": ["write-file-atomic@5.0.1", "", { "dependencies": { "imurmurhash": "^0.1.4", "signal-exit": "^4.0.1" } }, "sha512-+QU2zd6OTD8XWIJCbffaiQeH9U73qIqafo1x6V1snCWYGJf6cVE0cDR4D8xRzcEnfI21IFrUPzPGtcPf8AC+Rw=="],

    "yallist": ["yallist@4.0.0", "", {}, "sha512-3wdGidZyq5PB084XLES5TpOSRA3wjXAlIWMhum2kRcv/41Sn2emQ0dycQW4uZXLejwKvg6EsvbdlVL+FYEct7A=="],

    "@pnpm/git-resolver/hosted-git-info": ["@pnpm/hosted-git-info@1.0.0", "", { "dependencies": { "lru-cache": "^6.0.0" } }, "sha512-QzmNiLShTnNyeTHr+cykG5hYjwph0+v49KHV36Dh8uA2rRMWw30qoZMARuxd00SYdoTwT8bIouqqmzi6TWfJHQ=="],

    "@pnpm/network.agent/lru-cache": ["lru-cache@7.10.1", "", {}, "sha512-BQuhQxPuRl79J5zSXRP+uNzPOyZw2oFI9JLRQ80XswSvg21KMKNtQza9eF42rfI/3Z40RvzBdXgziEkudzjo8A=="],

    "@pnpm/network.proxy-agent/lru-cache": ["lru-cache@7.10.1", "", {}, "sha512-BQuhQxPuRl79J5zSXRP+uNzPOyZw2oFI9JLRQ80XswSvg21KMKNtQza9eF42rfI/3Z40RvzBdXgziEkudzjo8A=="],

    "@zkochan/which/isexe": ["isexe@2.0.0", "", {}, "sha512-RHxMLp9lnKHGHRng9QFhRCMbYAcVpn69smSGcq3f36xjgVVWThj4qqLbTLlq7Ssj8B+fIQ1EuCEGI2lKsyQeIw=="],

    "bun-types/@types/node": ["@types/node@24.0.10", "", { "dependencies": { "undici-types": "~7.8.0" } }, "sha512-ENHwaH+JIRTDIEEbDK6QSQntAYGtbvdDXnMXnZaZ6k13Du1dPMmprkEHIL7ok2Wl2aZevetwTAb5S+7yIF+enA=="],

    "cross-spawn/which": ["which@2.0.2", "", { "dependencies": { "isexe": "^2.0.0" }, "bin": { "node-which": "./bin/node-which" } }, "sha512-BLI3Tl1TW3Pvl70l3yq3Y64i+awpwXqsGBYWkkqMtnbXgrMD+yj7rhW0kuEDxzJaYXGjEW5ogapKNMEKNMjibA=="],

    "execa/execa": ["execa@5.1.1", "", { "dependencies": { "cross-spawn": "^7.0.3", "get-stream": "^6.0.0", "human-signals": "^2.1.0", "is-stream": "^2.0.0", "merge-stream": "^2.0.0", "npm-run-path": "^4.0.1", "onetime": "^5.1.2", "signal-exit": "^3.0.3", "strip-final-newline": "^2.0.0" } }, "sha512-8uSpZZocAZRBAPIEINJj3Lo9HyGitllczc27Eh5YYojjMFMn8yHMDMaUHE2Jqfq05D/wucwI4JGURyXt1vchyg=="],

    "graceful-git/retry": ["retry@0.13.1", "", {}, "sha512-XQBQ3I8W1Cge0Seh+6gjj03LbmRFWuoszgK9ooCpwYIrhhoO80pfq4cUkU5DkknwfOfFteRwlZ56PYOGYyFWdg=="],

    "safe-execa/execa": ["execa@5.1.1", "", { "dependencies": { "cross-spawn": "^7.0.3", "get-stream": "^6.0.0", "human-signals": "^2.1.0", "is-stream": "^2.0.0", "merge-stream": "^2.0.0", "npm-run-path": "^4.0.1", "onetime": "^5.1.2", "signal-exit": "^3.0.3", "strip-final-newline": "^2.0.0" } }, "sha512-8uSpZZocAZRBAPIEINJj3Lo9HyGitllczc27Eh5YYojjMFMn8yHMDMaUHE2Jqfq05D/wucwI4JGURyXt1vchyg=="],

    "string-width-cjs/emoji-regex": ["emoji-regex@8.0.0", "", {}, "sha512-MSjYzcWNOA0ewAHpz0MxpYFvwg6yjy1NG3xteoqz644VCo/RPgnr1/GGt+ic3iJTzQ8Eu3TdM14SawnVUmGE6A=="],

    "string-width-cjs/strip-ansi": ["strip-ansi@6.0.1", "", { "dependencies": { "ansi-regex": "^5.0.1" } }, "sha512-Y38VPSHcqkFrCpFnQ9vuSXmquuv5oXOKpGeT6aGrr3o3Gc9AlVa6JBfUSOCnbxGGZF+/0ooI7KrPuUSztUdU5A=="],

    "strip-ansi-cjs/ansi-regex": ["ansi-regex@5.0.1", "", {}, "sha512-quJQXlTSUGL2LH9SUXo8VwsY4soanhgo6LNSm84E1LBcE8s3O0wpdiRzyR9z/ZZJMlMWv37qOOb9pdJlMUEKFQ=="],

    "wrap-ansi-cjs/ansi-styles": ["ansi-styles@4.3.0", "", { "dependencies": { "color-convert": "^2.0.1" } }, "sha512-zbB9rCJAT1rbjiVDb2hqKFHNYLxgtk8NURxZ3IZwD3F6NtxbXZQCnnSi1Lkx+IDohdPlFp222wVALIheZJQSEg=="],

    "wrap-ansi-cjs/string-width": ["string-width@4.2.3", "", { "dependencies": { "emoji-regex": "^8.0.0", "is-fullwidth-code-point": "^3.0.0", "strip-ansi": "^6.0.1" } }, "sha512-wKyQRQpjJ0sIp62ErSZdGsjMJWsap5oRNihHhu6G7JVO/9jIB6UyevL+tXuOqrng8j/cxKTWyWUwvSTriiZz/g=="],

    "wrap-ansi-cjs/strip-ansi": ["strip-ansi@6.0.1", "", { "dependencies": { "ansi-regex": "^5.0.1" } }, "sha512-Y38VPSHcqkFrCpFnQ9vuSXmquuv5oXOKpGeT6aGrr3o3Gc9AlVa6JBfUSOCnbxGGZF+/0ooI7KrPuUSztUdU5A=="],

    "@pnpm/git-resolver/hosted-git-info/lru-cache": ["lru-cache@6.0.0", "", { "dependencies": { "yallist": "^4.0.0" } }, "sha512-Jo6dJ04CmSjuznwJSS3pUeWmd/H0ffTlkXXgwZi+eq1UCmqQwCh+eLsYOYCwY991i2Fah4h1BEMCx4qThGbsiA=="],

    "bun-types/@types/node/undici-types": ["undici-types@7.8.0", "", {}, "sha512-9UJ2xGDvQ43tYyVMpuHlsgApydB8ZKfVYTsLDhXkFL/6gfkp+U8xTGdh8pMJv1SpZna0zxG1DwsKZsreLbXBxw=="],

    "cross-spawn/which/isexe": ["isexe@2.0.0", "", {}, "sha512-RHxMLp9lnKHGHRng9QFhRCMbYAcVpn69smSGcq3f36xjgVVWThj4qqLbTLlq7Ssj8B+fIQ1EuCEGI2lKsyQeIw=="],

    "execa/execa/signal-exit": ["signal-exit@3.0.7", "", {}, "sha512-wnD2ZE+l+SPC/uoS0vXeE9L1+0wuaMqKlfz9AMUo38JsyLSBWSFcHR1Rri62LZc12vLr1gb3jl7iwQhgwpAbGQ=="],

    "safe-execa/execa/signal-exit": ["signal-exit@3.0.7", "", {}, "sha512-wnD2ZE+l+SPC/uoS0vXeE9L1+0wuaMqKlfz9AMUo38JsyLSBWSFcHR1Rri62LZc12vLr1gb3jl7iwQhgwpAbGQ=="],

    "string-width-cjs/strip-ansi/ansi-regex": ["ansi-regex@5.0.1", "", {}, "sha512-quJQXlTSUGL2LH9SUXo8VwsY4soanhgo6LNSm84E1LBcE8s3O0wpdiRzyR9z/ZZJMlMWv37qOOb9pdJlMUEKFQ=="],

    "wrap-ansi-cjs/string-width/emoji-regex": ["emoji-regex@8.0.0", "", {}, "sha512-MSjYzcWNOA0ewAHpz0MxpYFvwg6yjy1NG3xteoqz644VCo/RPgnr1/GGt+ic3iJTzQ8Eu3TdM14SawnVUmGE6A=="],

    "wrap-ansi-cjs/strip-ansi/ansi-regex": ["ansi-regex@5.0.1", "", {}, "sha512-quJQXlTSUGL2LH9SUXo8VwsY4soanhgo6LNSm84E1LBcE8s3O0wpdiRzyR9z/ZZJMlMWv37qOOb9pdJlMUEKFQ=="],
  }
}
